// !$*UTF8*$!
{
	archiveVersion = 1;
	classes = {
	};
	objectVersion = 56;
	objects = {

/* Begin PBXBuildFile section */
		548915CB291B9C3A00DABF29 /* AppDelegate.swift in Sources */ = {isa = PBXBuildFile; fileRef = 548915CA291B9C3A00DABF29 /* AppDelegate.swift */; };
		548915CF291B9C3A00DABF29 /* ChatListViewController.swift in Sources */ = {isa = PBXBuildFile; fileRef = 548915CE291B9C3A00DABF29 /* ChatListViewController.swift */; };
		548915D4291B9C3B00DABF29 /* Assets.xcassets in Resources */ = {isa = PBXBuildFile; fileRef = 548915D3291B9C3B00DABF29 /* Assets.xcassets */; };
		548915D7291B9C3B00DABF29 /* LaunchScreen.storyboard in Resources */ = {isa = PBXBuildFile; fileRef = 548915D5291B9C3B00DABF29 /* LaunchScreen.storyboard */; };
		548915E5291BA5F400DABF29 /* User.swift in Sources */ = {isa = PBXBuildFile; fileRef = 548915E4291BA5F400DABF29 /* User.swift */; };
		548915EB291BA86E00DABF29 /* UserDTO.swift in Sources */ = {isa = PBXBuildFile; fileRef = 548915EA291BA86E00DABF29 /* UserDTO.swift */; };
		548915F1291BADB000DABF29 /* ChatListCell.swift in Sources */ = {isa = PBXBuildFile; fileRef = 548915F0291BADB000DABF29 /* ChatListCell.swift */; };
		548F464E291CF2C700A9435E /* ChatPageViewController.swift in Sources */ = {isa = PBXBuildFile; fileRef = 548F464D291CF2C700A9435E /* ChatPageViewController.swift */; };
		548F4652291CFAC500A9435E /* UserInfoViewController.swift in Sources */ = {isa = PBXBuildFile; fileRef = 548F4651291CFAC500A9435E /* UserInfoViewController.swift */; };
		54A989942924212F00DEF459 /* FeedViewController.swift in Sources */ = {isa = PBXBuildFile; fileRef = 54A989932924212F00DEF459 /* FeedViewController.swift */; };
		54A989962924222E00DEF459 /* SettingsViewController.swift in Sources */ = {isa = PBXBuildFile; fileRef = 54A989952924222E00DEF459 /* SettingsViewController.swift */; };
		54A9899929243BF600DEF459 /* PersonalInfoCell.swift in Sources */ = {isa = PBXBuildFile; fileRef = 54A9899829243BF600DEF459 /* PersonalInfoCell.swift */; };
/* End PBXBuildFile section */

/* Begin PBXFileReference section */
		548915C7291B9C3A00DABF29 /* QuickLaunch.app */ = {isa = PBXFileReference; explicitFileType = wrapper.application; includeInIndex = 0; path = QuickLaunch.app; sourceTree = BUILT_PRODUCTS_DIR; };
		548915CA291B9C3A00DABF29 /* AppDelegate.swift */ = {isa = PBXFileReference; lastKnownFileType = sourcecode.swift; path = AppDelegate.swift; sourceTree = "<group>"; };
		548915CE291B9C3A00DABF29 /* ChatListViewController.swift */ = {isa = PBXFileReference; lastKnownFileType = sourcecode.swift; path = ChatListViewController.swift; sourceTree = "<group>"; };
		548915D3291B9C3B00DABF29 /* Assets.xcassets */ = {isa = PBXFileReference; lastKnownFileType = folder.assetcatalog; path = Assets.xcassets; sourceTree = "<group>"; };
		548915D6291B9C3B00DABF29 /* Base */ = {isa = PBXFileReference; lastKnownFileType = file.storyboard; name = Base; path = Base.lproj/LaunchScreen.storyboard; sourceTree = "<group>"; };
		548915D8291B9C3B00DABF29 /* Info.plist */ = {isa = PBXFileReference; lastKnownFileType = text.plist.xml; path = Info.plist; sourceTree = "<group>"; };
		548915E4291BA5F400DABF29 /* User.swift */ = {isa = PBXFileReference; lastKnownFileType = sourcecode.swift; path = User.swift; sourceTree = "<group>"; };
		548915EA291BA86E00DABF29 /* UserDTO.swift */ = {isa = PBXFileReference; lastKnownFileType = sourcecode.swift; path = UserDTO.swift; sourceTree = "<group>"; };
		548915F0291BADB000DABF29 /* ChatListCell.swift */ = {isa = PBXFileReference; lastKnownFileType = sourcecode.swift; path = ChatListCell.swift; sourceTree = "<group>"; };
		548F464D291CF2C700A9435E /* ChatPageViewController.swift */ = {isa = PBXFileReference; lastKnownFileType = sourcecode.swift; path = ChatPageViewController.swift; sourceTree = "<group>"; };
		548F4651291CFAC500A9435E /* UserInfoViewController.swift */ = {isa = PBXFileReference; lastKnownFileType = sourcecode.swift; path = UserInfoViewController.swift; sourceTree = "<group>"; };
		54A989932924212F00DEF459 /* FeedViewController.swift */ = {isa = PBXFileReference; lastKnownFileType = sourcecode.swift; path = FeedViewController.swift; sourceTree = "<group>"; };
		54A989952924222E00DEF459 /* SettingsViewController.swift */ = {isa = PBXFileReference; lastKnownFileType = sourcecode.swift; path = SettingsViewController.swift; sourceTree = "<group>"; };
		54A9899829243BF600DEF459 /* PersonalInfoCell.swift */ = {isa = PBXFileReference; lastKnownFileType = sourcecode.swift; path = PersonalInfoCell.swift; sourceTree = "<group>"; };
/* End PBXFileReference section */

/* Begin PBXFrameworksBuildPhase section */
		548915C4291B9C3A00DABF29 /* Frameworks */ = {
			isa = PBXFrameworksBuildPhase;
			buildActionMask = 2147483647;
			files = (
			);
			runOnlyForDeploymentPostprocessing = 0;
		};
/* End PBXFrameworksBuildPhase section */

/* Begin PBXGroup section */
		548915BE291B9C3A00DABF29 = {
			isa = PBXGroup;
			children = (
				548915C9291B9C3A00DABF29 /* QuickLaunch */,
				548915C8291B9C3A00DABF29 /* Products */,
			);
			sourceTree = "<group>";
		};
		548915C8291B9C3A00DABF29 /* Products */ = {
			isa = PBXGroup;
			children = (
				548915C7291B9C3A00DABF29 /* QuickLaunch.app */,
			);
			name = Products;
			sourceTree = "<group>";
		};
		548915C9291B9C3A00DABF29 /* QuickLaunch */ = {
			isa = PBXGroup;
			children = (
				548915E8291BA85400DABF29 /* Network */,
				548915E7291BA76200DABF29 /* Core */,
				548915DF291BA47800DABF29 /* Supporting Files */,
				548915E6291BA75600DABF29 /* UI */,
				548915D8291B9C3B00DABF29 /* Info.plist */,
			);
			path = QuickLaunch;
			sourceTree = "<group>";
		};
		548915DE291BA46B00DABF29 /* View Controllers */ = {
			isa = PBXGroup;
			children = (
				548915CE291B9C3A00DABF29 /* ChatListViewController.swift */,
				548F464D291CF2C700A9435E /* ChatPageViewController.swift */,
			);
			path = "View Controllers";
			sourceTree = "<group>";
		};
		548915DF291BA47800DABF29 /* Supporting Files */ = {
			isa = PBXGroup;
			children = (
				548915D5291B9C3B00DABF29 /* LaunchScreen.storyboard */,
				548915D3291B9C3B00DABF29 /* Assets.xcassets */,
				548915CA291B9C3A00DABF29 /* AppDelegate.swift */,
			);
			path = "Supporting Files";
			sourceTree = "<group>";
		};
		548915E0291BA48800DABF29 /* Models */ = {
			isa = PBXGroup;
			children = (
				548915E4291BA5F400DABF29 /* User.swift */,
			);
			path = Models;
			sourceTree = "<group>";
		};
		548915E6291BA75600DABF29 /* UI */ = {
			isa = PBXGroup;
			children = (
				548F464F291CFA8B00A9435E /* Auixiliary Views */,
				548915EC291BA90200DABF29 /* Main Pages */,
			);
			path = UI;
			sourceTree = "<group>";
		};
		548915E7291BA76200DABF29 /* Core */ = {
			isa = PBXGroup;
			children = (
				548915E0291BA48800DABF29 /* Models */,
			);
			path = Core;
			sourceTree = "<group>";
		};
		548915E8291BA85400DABF29 /* Network */ = {
			isa = PBXGroup;
			children = (
				548915E9291BA85C00DABF29 /* DTOs */,
			);
			path = Network;
			sourceTree = "<group>";
		};
		548915E9291BA85C00DABF29 /* DTOs */ = {
			isa = PBXGroup;
			children = (
				548915EA291BA86E00DABF29 /* UserDTO.swift */,
			);
			path = DTOs;
			sourceTree = "<group>";
		};
		548915EC291BA90200DABF29 /* Main Pages */ = {
			isa = PBXGroup;
			children = (
				54A98990292420B600DEF459 /* Feed Page */,
				54A9898F292420AA00DEF459 /* Settings Page */,
				548915ED291BA92000DABF29 /* Chats List Page */,
			);
			path = "Main Pages";
			sourceTree = "<group>";
		};
		548915ED291BA92000DABF29 /* Chats List Page */ = {
			isa = PBXGroup;
			children = (
				548915EF291BAD9400DABF29 /* Cells */,
				548915DE291BA46B00DABF29 /* View Controllers */,
			);
			path = "Chats List Page";
			sourceTree = "<group>";
		};
		548915EF291BAD9400DABF29 /* Cells */ = {
			isa = PBXGroup;
			children = (
				548915F0291BADB000DABF29 /* ChatListCell.swift */,
			);
			path = Cells;
			sourceTree = "<group>";
		};
		548F464F291CFA8B00A9435E /* Auixiliary Views */ = {
			isa = PBXGroup;
			children = (
				548F4650291CFA9E00A9435E /* View Controllers */,
			);
			path = "Auixiliary Views";
			sourceTree = "<group>";
		};
		548F4650291CFA9E00A9435E /* View Controllers */ = {
			isa = PBXGroup;
			children = (
				548F4651291CFAC500A9435E /* UserInfoViewController.swift */,
			);
			path = "View Controllers";
			sourceTree = "<group>";
		};
		54A9898F292420AA00DEF459 /* Settings Page */ = {
			isa = PBXGroup;
			children = (
				54A9899729243BE700DEF459 /* Cells */,
				54A989922924210E00DEF459 /* View Controllers */,
			);
			path = "Settings Page";
			sourceTree = "<group>";
		};
		54A98990292420B600DEF459 /* Feed Page */ = {
			isa = PBXGroup;
			children = (
				54A989912924210200DEF459 /* View Controllers */,
			);
			path = "Feed Page";
			sourceTree = "<group>";
		};
		54A989912924210200DEF459 /* View Controllers */ = {
			isa = PBXGroup;
			children = (
				54A989932924212F00DEF459 /* FeedViewController.swift */,
			);
			path = "View Controllers";
			sourceTree = "<group>";
		};
		54A989922924210E00DEF459 /* View Controllers */ = {
			isa = PBXGroup;
			children = (
				54A989952924222E00DEF459 /* SettingsViewController.swift */,
			);
			path = "View Controllers";
			sourceTree = "<group>";
		};
		54A9899729243BE700DEF459 /* Cells */ = {
			isa = PBXGroup;
			children = (
				54A9899829243BF600DEF459 /* PersonalInfoCell.swift */,
			);
			path = Cells;
			sourceTree = "<group>";
		};
/* End PBXGroup section */

/* Begin PBXNativeTarget section */
		548915C6291B9C3A00DABF29 /* QuickLaunch */ = {
			isa = PBXNativeTarget;
			buildConfigurationList = 548915DB291B9C3B00DABF29 /* Build configuration list for PBXNativeTarget "QuickLaunch" */;
			buildPhases = (
				548915C3291B9C3A00DABF29 /* Sources */,
				548915C4291B9C3A00DABF29 /* Frameworks */,
				548915C5291B9C3A00DABF29 /* Resources */,
			);
			buildRules = (
			);
			dependencies = (
			);
			name = QuickLaunch;
			productName = QuickLaunch;
			productReference = 548915C7291B9C3A00DABF29 /* QuickLaunch.app */;
			productType = "com.apple.product-type.application";
		};
/* End PBXNativeTarget section */

/* Begin PBXProject section */
		548915BF291B9C3A00DABF29 /* Project object */ = {
			isa = PBXProject;
			attributes = {
				BuildIndependentTargetsInParallel = 1;
				LastSwiftUpdateCheck = 1410;
				LastUpgradeCheck = 1410;
				TargetAttributes = {
					548915C6291B9C3A00DABF29 = {
						CreatedOnToolsVersion = 14.1;
					};
				};
			};
			buildConfigurationList = 548915C2291B9C3A00DABF29 /* Build configuration list for PBXProject "QuickLaunch" */;
			compatibilityVersion = "Xcode 14.0";
			developmentRegion = en;
			hasScannedForEncodings = 0;
			knownRegions = (
				en,
				Base,
			);
			mainGroup = 548915BE291B9C3A00DABF29;
			productRefGroup = 548915C8291B9C3A00DABF29 /* Products */;
			projectDirPath = "";
			projectRoot = "";
			targets = (
				548915C6291B9C3A00DABF29 /* QuickLaunch */,
			);
		};
/* End PBXProject section */

/* Begin PBXResourcesBuildPhase section */
		548915C5291B9C3A00DABF29 /* Resources */ = {
			isa = PBXResourcesBuildPhase;
			buildActionMask = 2147483647;
			files = (
				548915D7291B9C3B00DABF29 /* LaunchScreen.storyboard in Resources */,
				548915D4291B9C3B00DABF29 /* Assets.xcassets in Resources */,
			);
			runOnlyForDeploymentPostprocessing = 0;
		};
/* End PBXResourcesBuildPhase section */

/* Begin PBXSourcesBuildPhase section */
		548915C3291B9C3A00DABF29 /* Sources */ = {
			isa = PBXSourcesBuildPhase;
			buildActionMask = 2147483647;
			files = (
				548915F1291BADB000DABF29 /* ChatListCell.swift in Sources */,
				548F4652291CFAC500A9435E /* UserInfoViewController.swift in Sources */,
				548F464E291CF2C700A9435E /* ChatPageViewController.swift in Sources */,
				548915E5291BA5F400DABF29 /* User.swift in Sources */,
				548915CF291B9C3A00DABF29 /* ChatListViewController.swift in Sources */,
				548915EB291BA86E00DABF29 /* UserDTO.swift in Sources */,
				54A989942924212F00DEF459 /* FeedViewController.swift in Sources */,
				548915CB291B9C3A00DABF29 /* AppDelegate.swift in Sources */,
				54A989962924222E00DEF459 /* SettingsViewController.swift in Sources */,
				54A9899929243BF600DEF459 /* PersonalInfoCell.swift in Sources */,
			);
			runOnlyForDeploymentPostprocessing = 0;
		};
/* End PBXSourcesBuildPhase section */

/* Begin PBXVariantGroup section */
		548915D5291B9C3B00DABF29 /* LaunchScreen.storyboard */ = {
			isa = PBXVariantGroup;
			children = (
				548915D6291B9C3B00DABF29 /* Base */,
			);
			name = LaunchScreen.storyboard;
			sourceTree = "<group>";
		};
/* End PBXVariantGroup section */

/* Begin XCBuildConfiguration section */
		548915D9291B9C3B00DABF29 /* Debug */ = {
			isa = XCBuildConfiguration;
			buildSettings = {
				ALWAYS_SEARCH_USER_PATHS = NO;
				CLANG_ANALYZER_NONNULL = YES;
				CLANG_ANALYZER_NUMBER_OBJECT_CONVERSION = YES_AGGRESSIVE;
				CLANG_CXX_LANGUAGE_STANDARD = "gnu++20";
				CLANG_ENABLE_MODULES = YES;
				CLANG_ENABLE_OBJC_ARC = YES;
				CLANG_ENABLE_OBJC_WEAK = YES;
				CLANG_WARN_BLOCK_CAPTURE_AUTORELEASING = YES;
				CLANG_WARN_BOOL_CONVERSION = YES;
				CLANG_WARN_COMMA = YES;
				CLANG_WARN_CONSTANT_CONVERSION = YES;
				CLANG_WARN_DEPRECATED_OBJC_IMPLEMENTATIONS = YES;
				CLANG_WARN_DIRECT_OBJC_ISA_USAGE = YES_ERROR;
				CLANG_WARN_DOCUMENTATION_COMMENTS = YES;
				CLANG_WARN_EMPTY_BODY = YES;
				CLANG_WARN_ENUM_CONVERSION = YES;
				CLANG_WARN_INFINITE_RECURSION = YES;
				CLANG_WARN_INT_CONVERSION = YES;
				CLANG_WARN_NON_LITERAL_NULL_CONVERSION = YES;
				CLANG_WARN_OBJC_IMPLICIT_RETAIN_SELF = YES;
				CLANG_WARN_OBJC_LITERAL_CONVERSION = YES;
				CLANG_WARN_OBJC_ROOT_CLASS = YES_ERROR;
				CLANG_WARN_QUOTED_INCLUDE_IN_FRAMEWORK_HEADER = YES;
				CLANG_WARN_RANGE_LOOP_ANALYSIS = YES;
				CLANG_WARN_STRICT_PROTOTYPES = YES;
				CLANG_WARN_SUSPICIOUS_MOVE = YES;
				CLANG_WARN_UNGUARDED_AVAILABILITY = YES_AGGRESSIVE;
				CLANG_WARN_UNREACHABLE_CODE = YES;
				CLANG_WARN__DUPLICATE_METHOD_MATCH = YES;
				COPY_PHASE_STRIP = NO;
				DEBUG_INFORMATION_FORMAT = dwarf;
				ENABLE_STRICT_OBJC_MSGSEND = YES;
				ENABLE_TESTABILITY = YES;
				GCC_C_LANGUAGE_STANDARD = gnu11;
				GCC_DYNAMIC_NO_PIC = NO;
				GCC_NO_COMMON_BLOCKS = YES;
				GCC_OPTIMIZATION_LEVEL = 0;
				GCC_PREPROCESSOR_DEFINITIONS = (
					"DEBUG=1",
					"$(inherited)",
				);
				GCC_WARN_64_TO_32_BIT_CONVERSION = YES;
				GCC_WARN_ABOUT_RETURN_TYPE = YES_ERROR;
				GCC_WARN_UNDECLARED_SELECTOR = YES;
				GCC_WARN_UNINITIALIZED_AUTOS = YES_AGGRESSIVE;
				GCC_WARN_UNUSED_FUNCTION = YES;
				GCC_WARN_UNUSED_VARIABLE = YES;
				IPHONEOS_DEPLOYMENT_TARGET = 16.1;
				MTL_ENABLE_DEBUG_INFO = INCLUDE_SOURCE;
				MTL_FAST_MATH = YES;
				ONLY_ACTIVE_ARCH = YES;
				SDKROOT = iphoneos;
				SWIFT_ACTIVE_COMPILATION_CONDITIONS = DEBUG;
				SWIFT_OPTIMIZATION_LEVEL = "-Onone";
			};
			name = Debug;
		};
		548915DA291B9C3B00DABF29 /* Release */ = {
			isa = XCBuildConfiguration;
			buildSettings = {
				ALWAYS_SEARCH_USER_PATHS = NO;
				CLANG_ANALYZER_NONNULL = YES;
				CLANG_ANALYZER_NUMBER_OBJECT_CONVERSION = YES_AGGRESSIVE;
				CLANG_CXX_LANGUAGE_STANDARD = "gnu++20";
				CLANG_ENABLE_MODULES = YES;
				CLANG_ENABLE_OBJC_ARC = YES;
				CLANG_ENABLE_OBJC_WEAK = YES;
				CLANG_WARN_BLOCK_CAPTURE_AUTORELEASING = YES;
				CLANG_WARN_BOOL_CONVERSION = YES;
				CLANG_WARN_COMMA = YES;
				CLANG_WARN_CONSTANT_CONVERSION = YES;
				CLANG_WARN_DEPRECATED_OBJC_IMPLEMENTATIONS = YES;
				CLANG_WARN_DIRECT_OBJC_ISA_USAGE = YES_ERROR;
				CLANG_WARN_DOCUMENTATION_COMMENTS = YES;
				CLANG_WARN_EMPTY_BODY = YES;
				CLANG_WARN_ENUM_CONVERSION = YES;
				CLANG_WARN_INFINITE_RECURSION = YES;
				CLANG_WARN_INT_CONVERSION = YES;
				CLANG_WARN_NON_LITERAL_NULL_CONVERSION = YES;
				CLANG_WARN_OBJC_IMPLICIT_RETAIN_SELF = YES;
				CLANG_WARN_OBJC_LITERAL_CONVERSION = YES;
				CLANG_WARN_OBJC_ROOT_CLASS = YES_ERROR;
				CLANG_WARN_QUOTED_INCLUDE_IN_FRAMEWORK_HEADER = YES;
				CLANG_WARN_RANGE_LOOP_ANALYSIS = YES;
				CLANG_WARN_STRICT_PROTOTYPES = YES;
				CLANG_WARN_SUSPICIOUS_MOVE = YES;
				CLANG_WARN_UNGUARDED_AVAILABILITY = YES_AGGRESSIVE;
				CLANG_WARN_UNREACHABLE_CODE = YES;
				CLANG_WARN__DUPLICATE_METHOD_MATCH = YES;
				COPY_PHASE_STRIP = NO;
				DEBUG_INFORMATION_FORMAT = "dwarf-with-dsym";
				ENABLE_NS_ASSERTIONS = NO;
				ENABLE_STRICT_OBJC_MSGSEND = YES;
				GCC_C_LANGUAGE_STANDARD = gnu11;
				GCC_NO_COMMON_BLOCKS = YES;
				GCC_WARN_64_TO_32_BIT_CONVERSION = YES;
				GCC_WARN_ABOUT_RETURN_TYPE = YES_ERROR;
				GCC_WARN_UNDECLARED_SELECTOR = YES;
				GCC_WARN_UNINITIALIZED_AUTOS = YES_AGGRESSIVE;
				GCC_WARN_UNUSED_FUNCTION = YES;
				GCC_WARN_UNUSED_VARIABLE = YES;
				IPHONEOS_DEPLOYMENT_TARGET = 16.1;
				MTL_ENABLE_DEBUG_INFO = NO;
				MTL_FAST_MATH = YES;
				SDKROOT = iphoneos;
				SWIFT_COMPILATION_MODE = wholemodule;
				SWIFT_OPTIMIZATION_LEVEL = "-O";
				VALIDATE_PRODUCT = YES;
			};
			name = Release;
		};
		548915DC291B9C3B00DABF29 /* Debug */ = {
			isa = XCBuildConfiguration;
			buildSettings = {
				ASSETCATALOG_COMPILER_APPICON_NAME = AppIcon;
				ASSETCATALOG_COMPILER_GLOBAL_ACCENT_COLOR_NAME = AccentColor;
				CODE_SIGN_STYLE = Automatic;
				CURRENT_PROJECT_VERSION = 1;
				DEVELOPMENT_TEAM = D67WV256XJ;
				GENERATE_INFOPLIST_FILE = YES;
				INFOPLIST_FILE = QuickLaunch/Info.plist;
				INFOPLIST_KEY_UIApplicationSupportsIndirectInputEvents = YES;
				INFOPLIST_KEY_UILaunchStoryboardName = LaunchScreen;
				INFOPLIST_KEY_UISupportedInterfaceOrientations = UIInterfaceOrientationPortrait;
				IPHONEOS_DEPLOYMENT_TARGET = 15.0;
				LD_RUNPATH_SEARCH_PATHS = (
					"$(inherited)",
					"@executable_path/Frameworks",
				);
				MARKETING_VERSION = 1.0;
				PRODUCT_BUNDLE_IDENTIFIER = com.PashaOtverchenko.QuickLaunch;
				PRODUCT_NAME = "$(TARGET_NAME)";
				SWIFT_EMIT_LOC_STRINGS = YES;
				SWIFT_VERSION = 5.0;
				TARGETED_DEVICE_FAMILY = "1,2";
			};
			name = Debug;
		};
		548915DD291B9C3B00DABF29 /* Release */ = {
			isa = XCBuildConfiguration;
			buildSettings = {
				ASSETCATALOG_COMPILER_APPICON_NAME = AppIcon;
				ASSETCATALOG_COMPILER_GLOBAL_ACCENT_COLOR_NAME = AccentColor;
				CODE_SIGN_STYLE = Automatic;
				CURRENT_PROJECT_VERSION = 1;
				DEVELOPMENT_TEAM = D67WV256XJ;
				GENERATE_INFOPLIST_FILE = YES;
				INFOPLIST_FILE = QuickLaunch/Info.plist;
				INFOPLIST_KEY_UIApplicationSupportsIndirectInputEvents = YES;
				INFOPLIST_KEY_UILaunchStoryboardName = LaunchScreen;
				INFOPLIST_KEY_UISupportedInterfaceOrientations = UIInterfaceOrientationPortrait;
				IPHONEOS_DEPLOYMENT_TARGET = 15.0;
				LD_RUNPATH_SEARCH_PATHS = (
					"$(inherited)",
					"@executable_path/Frameworks",
				);
				MARKETING_VERSION = 1.0;
				PRODUCT_BUNDLE_IDENTIFIER = com.PashaOtverchenko.QuickLaunch;
				PRODUCT_NAME = "$(TARGET_NAME)";
				SWIFT_EMIT_LOC_STRINGS = YES;
				SWIFT_VERSION = 5.0;
				TARGETED_DEVICE_FAMILY = "1,2";
			};
			name = Release;
		};
/* End XCBuildConfiguration section */

/* Begin XCConfigurationList section */
		548915C2291B9C3A00DABF29 /* Build configuration list for PBXProject "QuickLaunch" */ = {
			isa = XCConfigurationList;
			buildConfigurations = (
				548915D9291B9C3B00DABF29 /* Debug */,
				548915DA291B9C3B00DABF29 /* Release */,
			);
			defaultConfigurationIsVisible = 0;
			defaultConfigurationName = Release;
		};
		548915DB291B9C3B00DABF29 /* Build configuration list for PBXNativeTarget "QuickLaunch" */ = {
			isa = XCConfigurationList;
			buildConfigurations = (
				548915DC291B9C3B00DABF29 /* Debug */,
				548915DD291B9C3B00DABF29 /* Release */,
			);
			defaultConfigurationIsVisible = 0;
			defaultConfigurationName = Release;
		};
/* End XCConfigurationList section */
	};
	rootObject = 548915BF291B9C3A00DABF29 /* Project object */;
}
